
Microsoft Visual Studio Solution File, Format Version 12.00
# Visual Studio Version 17
VisualStudioVersion = 17.0.31919.166
MinimumVisualStudioVersion = 10.0.40219.1
Project("{FAE04EC0-301F-11D3-BF4B-00C04F79EFBC}") = "WebApp102", "WebApp102\WebApp102.csproj", "{C66108E0-CE4C-4847-99B6-9532E9ABB8FE}"
EndProject
Global
	GlobalSection(SolutionConfigurationPlatforms) = preSolution
		Debug|Any CPU = Debug|Any CPU
		Release|Any CPU = Release|Any CPU
	EndGlobalSection
	GlobalSection(ProjectConfigurationPlatforms) = postSolution
		{C66108E0-CE4C-4847-99B6-9532E9ABB8FE}.Debug|Any CPU.ActiveCfg = Debug|Any CPU
		{C66108E0-CE4C-4847-99B6-9532E9ABB8FE}.Debug|Any CPU.Build.0 = Debug|Any CPU
		{C66108E0-CE4C-4847-99B6-9532E9ABB8FE}.Release|Any CPU.ActiveCfg = Release|Any CPU
		{C66108E0-CE4C-4847-99B6-9532E9ABB8FE}.Release|Any CPU.Build.0 = Release|Any CPU
	EndGlobalSection
	GlobalSection(SolutionProperties) = preSolution
		HideSolutionNode = FALSE
	EndGlobalSection
	GlobalSection(ExtensibilityGlobals) = postSolution
		SolutionGuid = {3DC2A3D2-313E-43A2-8E7F-12BCF2E5C85F}
	EndGlobalSection
EndGlobal
